
Microsoft Visual Studio Solution File, Format Version 12.00
# Visual Studio 15
VisualStudioVersion = 15.0.26228.9
MinimumVisualStudioVersion = 10.0.40219.1
Project("{FAE04EC0-301F-11D3-BF4B-00C04F79EFBC}") = "BaristaLabs.ChromeDevTools.RemoteInterface", "BaristaLabs.ChromeDevTools.RemoteInterface\BaristaLabs.ChromeDevTools.RemoteInterface.csproj", "{5FFBDD1E-6443-411E-8A3E-1FDE4A79260E}"
EndProject
Global
	GlobalSection(SolutionConfigurationPlatforms) = preSolution
		Debug|Any CPU = Debug|Any CPU
		Release|Any CPU = Release|Any CPU
	EndGlobalSection
	GlobalSection(ProjectConfigurationPlatforms) = postSolution
		{5FFBDD1E-6443-411E-8A3E-1FDE4A79260E}.Debug|Any CPU.ActiveCfg = Debug|Any CPU
		{5FFBDD1E-6443-411E-8A3E-1FDE4A79260E}.Debug|Any CPU.Build.0 = Debug|Any CPU
		{5FFBDD1E-6443-411E-8A3E-1FDE4A79260E}.Release|Any CPU.ActiveCfg = Release|Any CPU
		{5FFBDD1E-6443-411E-8A3E-1FDE4A79260E}.Release|Any CPU.Build.0 = Release|Any CPU
	EndGlobalSection
	GlobalSection(SolutionProperties) = preSolution
		HideSolutionNode = FALSE
	EndGlobalSection
EndGlobal
